
Microsoft Visual Studio Solution File, Format Version 12.00
# Visual Studio Version 17
VisualStudioVersion = 17.14.37516.0 d17.14
MinimumVisualStudioVersion = 10.0.40219.1
Project("{FAE04EC0-301F-11D3-BF4B-00C04F79EFBC}") = "TheColor", "TheColor.csproj", "{BB333E53-1CC2-47DF-80FC-4E9978179974}"
EndProject
Global
	GlobalSection(SolutionConfigurationPlatforms) = preSolution
		Debug|Any CPU = Debug|Any CPU
		Release|Any CPU = Release|Any CPU
	EndGlobalSection
	GlobalSection(ProjectConfigurationPlatforms) = postSolution
		{BB333E53-1CC2-47DF-80FC-4E9978179974}.Debug|Any CPU.ActiveCfg = Debug|Any CPU
		{BB333E53-1CC2-47DF-80FC-4E9978179974}.Debug|Any CPU.Build.0 = Debug|Any CPU
		{BB333E53-1CC2-47DF-80FC-4E9978179974}.Release|Any CPU.ActiveCfg = Release|Any CPU
		{BB333E53-1CC2-47DF-80FC-4E9978179974}.Release|Any CPU.Build.0 = Release|Any CPU
	EndGlobalSection
	GlobalSection(SolutionProperties) = preSolution
		HideSolutionNode = FALSE
	EndGlobalSection
	GlobalSection(ExtensibilityGlobals) = postSolution
		SolutionGuid = {AB790468-636C-427B-8A1E-59D755A6E4DB}
	EndGlobalSection
EndGlobal
