
Microsoft Visual Studio Solution File, Format Version 12.00
# Visual Studio Version 17
VisualStudioVersion = 17.14.37516.0 d17.14
MinimumVisualStudioVersion = 10.0.40219.1
Project("{FAE04EC0-301F-11D3-BF4B-00C04F79EFBC}") = "NullReferences", "NullReferences.csproj", "{A3FC993B-F2EC-416E-8C4E-28753BFBEC7C}"
EndProject
Global
	GlobalSection(SolutionConfigurationPlatforms) = preSolution
		Debug|Any CPU = Debug|Any CPU
		Release|Any CPU = Release|Any CPU
	EndGlobalSection
	GlobalSection(ProjectConfigurationPlatforms) = postSolution
		{A3FC993B-F2EC-416E-8C4E-28753BFBEC7C}.Debug|Any CPU.ActiveCfg = Debug|Any CPU
		{A3FC993B-F2EC-416E-8C4E-28753BFBEC7C}.Debug|Any CPU.Build.0 = Debug|Any CPU
		{A3FC993B-F2EC-416E-8C4E-28753BFBEC7C}.Release|Any CPU.ActiveCfg = Release|Any CPU
		{A3FC993B-F2EC-416E-8C4E-28753BFBEC7C}.Release|Any CPU.Build.0 = Release|Any CPU
	EndGlobalSection
	GlobalSection(SolutionProperties) = preSolution
		HideSolutionNode = FALSE
	EndGlobalSection
	GlobalSection(ExtensibilityGlobals) = postSolution
		SolutionGuid = {168A165D-F0B5-465B-AEC6-BB97D8B2F190}
	EndGlobalSection
EndGlobal
