
Microsoft Visual Studio Solution File, Format Version 12.00
# Visual Studio Version 17
VisualStudioVersion = 17.14.37516.0 d17.14
MinimumVisualStudioVersion = 10.0.40219.1
Project("{FAE04EC0-301F-11D3-BF4B-00C04F79EFBC}") = "Tuples", "Tuples.csproj", "{2BDBED0E-6DEF-4F36-87B6-719DB9717FF7}"
EndProject
Global
	GlobalSection(SolutionConfigurationPlatforms) = preSolution
		Debug|Any CPU = Debug|Any CPU
		Release|Any CPU = Release|Any CPU
	EndGlobalSection
	GlobalSection(ProjectConfigurationPlatforms) = postSolution
		{2BDBED0E-6DEF-4F36-87B6-719DB9717FF7}.Debug|Any CPU.ActiveCfg = Debug|Any CPU
		{2BDBED0E-6DEF-4F36-87B6-719DB9717FF7}.Debug|Any CPU.Build.0 = Debug|Any CPU
		{2BDBED0E-6DEF-4F36-87B6-719DB9717FF7}.Release|Any CPU.ActiveCfg = Release|Any CPU
		{2BDBED0E-6DEF-4F36-87B6-719DB9717FF7}.Release|Any CPU.Build.0 = Release|Any CPU
	EndGlobalSection
	GlobalSection(SolutionProperties) = preSolution
		HideSolutionNode = FALSE
	EndGlobalSection
	GlobalSection(ExtensibilityGlobals) = postSolution
		SolutionGuid = {0174AFB6-49FB-45FF-8190-B4F06FDD6C29}
	EndGlobalSection
EndGlobal
