
Microsoft Visual Studio Solution File, Format Version 12.00
# Visual Studio Version 17
VisualStudioVersion = 17.14.37516.0 d17.14
MinimumVisualStudioVersion = 10.0.40219.1
Project("{FAE04EC0-301F-11D3-BF4B-00C04F79EFBC}") = "Console_2.0", "Console_2.0.csproj", "{1D309099-32FF-4EB2-8F1D-AE285CB2AF95}"
EndProject
Global
	GlobalSection(SolutionConfigurationPlatforms) = preSolution
		Debug|Any CPU = Debug|Any CPU
		Release|Any CPU = Release|Any CPU
	EndGlobalSection
	GlobalSection(ProjectConfigurationPlatforms) = postSolution
		{1D309099-32FF-4EB2-8F1D-AE285CB2AF95}.Debug|Any CPU.ActiveCfg = Debug|Any CPU
		{1D309099-32FF-4EB2-8F1D-AE285CB2AF95}.Debug|Any CPU.Build.0 = Debug|Any CPU
		{1D309099-32FF-4EB2-8F1D-AE285CB2AF95}.Release|Any CPU.ActiveCfg = Release|Any CPU
		{1D309099-32FF-4EB2-8F1D-AE285CB2AF95}.Release|Any CPU.Build.0 = Release|Any CPU
	EndGlobalSection
	GlobalSection(SolutionProperties) = preSolution
		HideSolutionNode = FALSE
	EndGlobalSection
	GlobalSection(ExtensibilityGlobals) = postSolution
		SolutionGuid = {B34F3A88-AA19-481E-AA73-799850DD2477}
	EndGlobalSection
EndGlobal
