
Microsoft Visual Studio Solution File, Format Version 12.00
# Visual Studio Version 17
VisualStudioVersion = 17.14.37516.0 d17.14
MinimumVisualStudioVersion = 10.0.40219.1
Project("{FAE04EC0-301F-11D3-BF4B-00C04F79EFBC}") = "ThePoint", "ThePoint.csproj", "{3F00DF19-38AD-4737-8792-7A5BDF118418}"
EndProject
Global
	GlobalSection(SolutionConfigurationPlatforms) = preSolution
		Debug|Any CPU = Debug|Any CPU
		Release|Any CPU = Release|Any CPU
	EndGlobalSection
	GlobalSection(ProjectConfigurationPlatforms) = postSolution
		{3F00DF19-38AD-4737-8792-7A5BDF118418}.Debug|Any CPU.ActiveCfg = Debug|Any CPU
		{3F00DF19-38AD-4737-8792-7A5BDF118418}.Debug|Any CPU.Build.0 = Debug|Any CPU
		{3F00DF19-38AD-4737-8792-7A5BDF118418}.Release|Any CPU.ActiveCfg = Release|Any CPU
		{3F00DF19-38AD-4737-8792-7A5BDF118418}.Release|Any CPU.Build.0 = Release|Any CPU
	EndGlobalSection
	GlobalSection(SolutionProperties) = preSolution
		HideSolutionNode = FALSE
	EndGlobalSection
	GlobalSection(ExtensibilityGlobals) = postSolution
		SolutionGuid = {23118FD8-9C9D-423B-A930-62B917B23523}
	EndGlobalSection
EndGlobal
