
Microsoft Visual Studio Solution File, Format Version 12.00
# Visual Studio Version 17
VisualStudioVersion = 17.14.37516.0 d17.14
MinimumVisualStudioVersion = 10.0.40219.1
Project("{FAE04EC0-301F-11D3-BF4B-00C04F79EFBC}") = "Enumerations", "Enumerations.csproj", "{830ED720-56E3-434F-BF14-2834A6438D1E}"
EndProject
Global
	GlobalSection(SolutionConfigurationPlatforms) = preSolution
		Debug|Any CPU = Debug|Any CPU
		Release|Any CPU = Release|Any CPU
	EndGlobalSection
	GlobalSection(ProjectConfigurationPlatforms) = postSolution
		{830ED720-56E3-434F-BF14-2834A6438D1E}.Debug|Any CPU.ActiveCfg = Debug|Any CPU
		{830ED720-56E3-434F-BF14-2834A6438D1E}.Debug|Any CPU.Build.0 = Debug|Any CPU
		{830ED720-56E3-434F-BF14-2834A6438D1E}.Release|Any CPU.ActiveCfg = Release|Any CPU
		{830ED720-56E3-434F-BF14-2834A6438D1E}.Release|Any CPU.Build.0 = Release|Any CPU
	EndGlobalSection
	GlobalSection(SolutionProperties) = preSolution
		HideSolutionNode = FALSE
	EndGlobalSection
	GlobalSection(ExtensibilityGlobals) = postSolution
		SolutionGuid = {64467FFF-F6E2-4364-AE25-68FF97BD813B}
	EndGlobalSection
EndGlobal
